lockfileVersion: '9.0'

settings:
  autoInstallPeers: true
  excludeLinksFromLockfile: false

importers:

  .:
    dependencies:
      chess.js:
        specifier: ^1.4.0
        version: 1.4.0
    devDependencies:
      '@types/node':
        specifier: ^26.0.0
        version: 26.0.0
      typescript:
        specifier: ^5.9.0
        version: 5.9.3

packages:

  '@types/node@26.0.0':
    resolution: {integrity: sha512-vf2YFi1iY9lHGwNJMs01biZFbKJkrZR1T6/MlzjhJLPdntOHLhTrDSnSVcdtvjihi4VQNlrFRIxLsDBlQpAipA==}

  chess.js@1.4.0:
    resolution: {integrity: sha512-BBJgrrtKQOzFLonR0l+k64A98NLemPwNsCskwb+29bRwobUa4iTm51E1kwGPbWXAcfdDa18nad6vpPPKPWarqw==}

  typescript@5.9.3:
    resolution: {integrity: sha512-jl1vZzPDinLr9eUt3J/t7V6FgNEw9QjvBPdysz9KfQDD41fQrC2Y4vKQdiaUpFT4bXlb1RHhLpp8wtm6M5TgSw==}
    engines: {node: '>=14.17'}
    hasBin: true

  undici-types@8.3.0:
    resolution: {integrity: sha512-j375ScV60dom+YkPFIfTLcOiPxkN/buHz5GobjLhixFuANaNs3C9l4GmrWqejgXWJ7BbJcFYpTEUkS1Ge8bpZQ==}

snapshots:

  '@types/node@26.0.0':
    dependencies:
      undici-types: 8.3.0

  chess.js@1.4.0: {}

  typescript@5.9.3: {}

  undici-types@8.3.0: {}
